// !$*UTF8*$!
{
	archiveVersion = 1;
	classes = {
	};
	objectVersion = 46;
	objects = {

/* Begin PBXBuildFile section */
		FA6FE34D15911380005783B1 /* Cocoa.framework in Frameworks */ = {isa = PBXBuildFile; fileRef = FA6FE34C15911380005783B1 /* Cocoa.framework */; };
		FA6FE35715911380005783B1 /* InfoPlist.strings in Resources */ = {isa = PBXBuildFile; fileRef = FA6FE35515911380005783B1 /* InfoPlist.strings */; };
		FA6FE35915911380005783B1 /* main.m in Sources */ = {isa = PBXBuildFile; fileRef = FA6FE35815911380005783B1 /* main.m */; };
		FA6FE35D15911380005783B1 /* Credits.rtf in Resources */ = {isa = PBXBuildFile; fileRef = FA6FE35B15911380005783B1 /* Credits.rtf */; };
		FA6FE36015911380005783B1 /* ANAppDelegate.m in Sources */ = {isa = PBXBuildFile; fileRef = FA6FE35F15911380005783B1 /* ANAppDelegate.m */; };
		FA6FE36315911381005783B1 /* MainMenu.xib in Resources */ = {isa = PBXBuildFile; fileRef = FA6FE36115911381005783B1 /* MainMenu.xib */; };
		FA6FE36D159113A9005783B1 /* WebKit.framework in Frameworks */ = {isa = PBXBuildFile; fileRef = FA6FE36C159113A9005783B1 /* WebKit.framework */; };
		FAC0E8DD15925D5700DDD4F7 /* ANFBAuthWindow.m in Sources */ = {isa = PBXBuildFile; fileRef = FAC0E8DA15925D5700DDD4F7 /* ANFBAuthWindow.m */; };
		FAC0E8DE15925D5700DDD4F7 /* ANFBOAuthInfo.m in Sources */ = {isa = PBXBuildFile; fileRef = FAC0E8DC15925D5700DDD4F7 /* ANFBOAuthInfo.m */; };
		FAC0E8E215925DA700DDD4F7 /* ANFBSession.m in Sources */ = {isa = PBXBuildFile; fileRef = FAC0E8E115925DA700DDD4F7 /* ANFBSession.m */; };
		FAC0E8E515925E5300DDD4F7 /* ANFBResponse.m in Sources */ = {isa = PBXBuildFile; fileRef = FAC0E8E415925E5300DDD4F7 /* ANFBResponse.m */; };
		FAC0E8E815928A8200DDD4F7 /* ANFBChainedData.m in Sources */ = {isa = PBXBuildFile; fileRef = FAC0E8E715928A8200DDD4F7 /* ANFBChainedData.m */; };
		FAC0E8EB15928B2F00DDD4F7 /* ANFBSessionTicket.m in Sources */ = {isa = PBXBuildFile; fileRef = FAC0E8EA15928B2F00DDD4F7 /* ANFBSessionTicket.m */; };
		FAC0E8F81592932200DDD4F7 /* ANFBPerson.m in Sources */ = {isa = PBXBuildFile; fileRef = FAC0E8F71592932100DDD4F7 /* ANFBPerson.m */; };
		FAC0E8FC159296FA00DDD4F7 /* NSDate+Facebook.m in Sources */ = {isa = PBXBuildFile; fileRef = FAC0E8FB159296FA00DDD4F7 /* NSDate+Facebook.m */; };
		FAC0E90015929A2B00DDD4F7 /* ANFBFriends.m in Sources */ = {isa = PBXBuildFile; fileRef = FAC0E8FF15929A2B00DDD4F7 /* ANFBFriends.m */; };
		FAC0E90A15929B8700DDD4F7 /* ANFBFriendsWindow.m in Sources */ = {isa = PBXBuildFile; fileRef = FAC0E90915929B8700DDD4F7 /* ANFBFriendsWindow.m */; };
		FAC0E9131592A02300DDD4F7 /* ANFBChainedObjects.m in Sources */ = {isa = PBXBuildFile; fileRef = FAC0E9121592A02300DDD4F7 /* ANFBChainedObjects.m */; };
		FAC0E91D1592A62000DDD4F7 /* ANFBAlbum.m in Sources */ = {isa = PBXBuildFile; fileRef = FAC0E9161592A62000DDD4F7 /* ANFBAlbum.m */; };
		FAC0E91E1592A62000DDD4F7 /* ANFBAlbums.m in Sources */ = {isa = PBXBuildFile; fileRef = FAC0E9181592A62000DDD4F7 /* ANFBAlbums.m */; };
		FAC0E91F1592A62000DDD4F7 /* ANFBPhoto.m in Sources */ = {isa = PBXBuildFile; fileRef = FAC0E91A1592A62000DDD4F7 /* ANFBPhoto.m */; };
		FAC0E9201592A62000DDD4F7 /* ANFBPhotos.m in Sources */ = {isa = PBXBuildFile; fileRef = FAC0E91C1592A62000DDD4F7 /* ANFBPhotos.m */; };
		FAC0E9231592A85900DDD4F7 /* ANFBFriendWindow.m in Sources */ = {isa = PBXBuildFile; fileRef = FAC0E9221592A85900DDD4F7 /* ANFBFriendWindow.m */; };
		FAC0E9261592B1FC00DDD4F7 /* NSDictionary+HTTPParams.m in Sources */ = {isa = PBXBuildFile; fileRef = FAC0E9251592B1FC00DDD4F7 /* NSDictionary+HTTPParams.m */; };
/* End PBXBuildFile section */

/* Begin PBXFileReference section */
		FA6FE34815911380005783B1 /* FacebookCache.app */ = {isa = PBXFileReference; explicitFileType = wrapper.application; includeInIndex = 0; path = FacebookCache.app; sourceTree = BUILT_PRODUCTS_DIR; };
		FA6FE34C15911380005783B1 /* Cocoa.framework */ = {isa = PBXFileReference; lastKnownFileType = wrapper.framework; name = Cocoa.framework; path = System/Library/Frameworks/Cocoa.framework; sourceTree = SDKROOT; };
		FA6FE34F15911380005783B1 /* AppKit.framework */ = {isa = PBXFileReference; lastKnownFileType = wrapper.framework; name = AppKit.framework; path = System/Library/Frameworks/AppKit.framework; sourceTree = SDKROOT; };
		FA6FE35015911380005783B1 /* CoreData.framework */ = {isa = PBXFileReference; lastKnownFileType = wrapper.framework; name = CoreData.framework; path = System/Library/Frameworks/CoreData.framework; sourceTree = SDKROOT; };
		FA6FE35115911380005783B1 /* Foundation.framework */ = {isa = PBXFileReference; lastKnownFileType = wrapper.framework; name = Foundation.framework; path = System/Library/Frameworks/Foundation.framework; sourceTree = SDKROOT; };
		FA6FE35415911380005783B1 /* FacebookCache-Info.plist */ = {isa = PBXFileReference; lastKnownFileType = text.plist.xml; path = "FacebookCache-Info.plist"; sourceTree = "<group>"; };
		FA6FE35615911380005783B1 /* en */ = {isa = PBXFileReference; lastKnownFileType = text.plist.strings; name = en; path = en.lproj/InfoPlist.strings; sourceTree = "<group>"; };
		FA6FE35815911380005783B1 /* main.m */ = {isa = PBXFileReference; lastKnownFileType = sourcecode.c.objc; path = main.m; sourceTree = "<group>"; };
		FA6FE35A15911380005783B1 /* FacebookCache-Prefix.pch */ = {isa = PBXFileReference; lastKnownFileType = sourcecode.c.h; path = "FacebookCache-Prefix.pch"; sourceTree = "<group>"; };
		FA6FE35C15911380005783B1 /* en */ = {isa = PBXFileReference; lastKnownFileType = text.rtf; name = en; path = en.lproj/Credits.rtf; sourceTree = "<group>"; };
		FA6FE35E15911380005783B1 /* ANAppDelegate.h */ = {isa = PBXFileReference; lastKnownFileType = sourcecode.c.h; path = ANAppDelegate.h; sourceTree = "<group>"; };
		FA6FE35F15911380005783B1 /* ANAppDelegate.m */ = {isa = PBXFileReference; lastKnownFileType = sourcecode.c.objc; path = ANAppDelegate.m; sourceTree = "<group>"; };
		FA6FE36215911381005783B1 /* en */ = {isa = PBXFileReference; lastKnownFileType = file.xib; name = en; path = en.lproj/MainMenu.xib; sourceTree = "<group>"; };
		FA6FE36C159113A9005783B1 /* WebKit.framework */ = {isa = PBXFileReference; lastKnownFileType = wrapper.framework; name = WebKit.framework; path = System/Library/Frameworks/WebKit.framework; sourceTree = SDKROOT; };
		FAC0E8D915925D5700DDD4F7 /* ANFBAuthWindow.h */ = {isa = PBXFileReference; fileEncoding = 4; lastKnownFileType = sourcecode.c.h; path = ANFBAuthWindow.h; sourceTree = "<group>"; };
		FAC0E8DA15925D5700DDD4F7 /* ANFBAuthWindow.m */ = {isa = PBXFileReference; fileEncoding = 4; lastKnownFileType = sourcecode.c.objc; path = ANFBAuthWindow.m; sourceTree = "<group>"; };
		FAC0E8DB15925D5700DDD4F7 /* ANFBOAuthInfo.h */ = {isa = PBXFileReference; fileEncoding = 4; lastKnownFileType = sourcecode.c.h; path = ANFBOAuthInfo.h; sourceTree = "<group>"; };
		FAC0E8DC15925D5700DDD4F7 /* ANFBOAuthInfo.m */ = {isa = PBXFileReference; fileEncoding = 4; lastKnownFileType = sourcecode.c.objc; path = ANFBOAuthInfo.m; sourceTree = "<group>"; };
		FAC0E8E015925DA700DDD4F7 /* ANFBSession.h */ = {isa = PBXFileReference; fileEncoding = 4; lastKnownFileType = sourcecode.c.h; path = ANFBSession.h; sourceTree = "<group>"; };
		FAC0E8E115925DA700DDD4F7 /* ANFBSession.m */ = {isa = PBXFileReference; fileEncoding = 4; lastKnownFileType = sourcecode.c.objc; path = ANFBSession.m; sourceTree = "<group>"; };
		FAC0E8E315925E5300DDD4F7 /* ANFBResponse.h */ = {isa = PBXFileReference; fileEncoding = 4; lastKnownFileType = sourcecode.c.h; path = ANFBResponse.h; sourceTree = "<group>"; };
		FAC0E8E415925E5300DDD4F7 /* ANFBResponse.m */ = {isa = PBXFileReference; fileEncoding = 4; lastKnownFileType = sourcecode.c.objc; path = ANFBResponse.m; sourceTree = "<group>"; };
		FAC0E8E615928A8200DDD4F7 /* ANFBChainedData.h */ = {isa = PBXFileReference; fileEncoding = 4; lastKnownFileType = sourcecode.c.h; path = ANFBChainedData.h; sourceTree = "<group>"; };
		FAC0E8E715928A8200DDD4F7 /* ANFBChainedData.m */ = {isa = PBXFileReference; fileEncoding = 4; lastKnownFileType = sourcecode.c.objc; path = ANFBChainedData.m; sourceTree = "<group>"; };
		FAC0E8E915928B2E00DDD4F7 /* ANFBSessionTicket.h */ = {isa = PBXFileReference; fileEncoding = 4; lastKnownFileType = sourcecode.c.h; path = ANFBSessionTicket.h; sourceTree = "<group>"; };
		FAC0E8EA15928B2F00DDD4F7 /* ANFBSessionTicket.m */ = {isa = PBXFileReference; fileEncoding = 4; lastKnownFileType = sourcecode.c.objc; path = ANFBSessionTicket.m; sourceTree = "<group>"; };
		FAC0E8F61592932100DDD4F7 /* ANFBPerson.h */ = {isa = PBXFileReference; fileEncoding = 4; lastKnownFileType = sourcecode.c.h; path = ANFBPerson.h; sourceTree = "<group>"; };
		FAC0E8F71592932100DDD4F7 /* ANFBPerson.m */ = {isa = PBXFileReference; fileEncoding = 4; lastKnownFileType = sourcecode.c.objc; path = ANFBPerson.m; sourceTree = "<group>"; };
		FAC0E8FA159296FA00DDD4F7 /* NSDate+Facebook.h */ = {isa = PBXFileReference; fileEncoding = 4; lastKnownFileType = sourcecode.c.h; path = "NSDate+Facebook.h"; sourceTree = "<group>"; };
		FAC0E8FB159296FA00DDD4F7 /* NSDate+Facebook.m */ = {isa = PBXFileReference; fileEncoding = 4; lastKnownFileType = sourcecode.c.objc; path = "NSDate+Facebook.m"; sourceTree = "<group>"; };
		FAC0E8FE15929A2B00DDD4F7 /* ANFBFriends.h */ = {isa = PBXFileReference; fileEncoding = 4; lastKnownFileType = sourcecode.c.h; path = ANFBFriends.h; sourceTree = "<group>"; };
		FAC0E8FF15929A2B00DDD4F7 /* ANFBFriends.m */ = {isa = PBXFileReference; fileEncoding = 4; lastKnownFileType = sourcecode.c.objc; path = ANFBFriends.m; sourceTree = "<group>"; };
		FAC0E90815929B8700DDD4F7 /* ANFBFriendsWindow.h */ = {isa = PBXFileReference; fileEncoding = 4; lastKnownFileType = sourcecode.c.h; path = ANFBFriendsWindow.h; sourceTree = "<group>"; };
		FAC0E90915929B8700DDD4F7 /* ANFBFriendsWindow.m */ = {isa = PBXFileReference; fileEncoding = 4; lastKnownFileType = sourcecode.c.objc; path = ANFBFriendsWindow.m; sourceTree = "<group>"; };
		FAC0E9111592A02300DDD4F7 /* ANFBChainedObjects.h */ = {isa = PBXFileReference; fileEncoding = 4; lastKnownFileType = sourcecode.c.h; path = ANFBChainedObjects.h; sourceTree = "<group>"; };
		FAC0E9121592A02300DDD4F7 /* ANFBChainedObjects.m */ = {isa = PBXFileReference; fileEncoding = 4; lastKnownFileType = sourcecode.c.objc; path = ANFBChainedObjects.m; sourceTree = "<group>"; };
		FAC0E9151592A62000DDD4F7 /* ANFBAlbum.h */ = {isa = PBXFileReference; fileEncoding = 4; lastKnownFileType = sourcecode.c.h; path = ANFBAlbum.h; sourceTree = "<group>"; };
		FAC0E9161592A62000DDD4F7 /* ANFBAlbum.m */ = {isa = PBXFileReference; fileEncoding = 4; lastKnownFileType = sourcecode.c.objc; path = ANFBAlbum.m; sourceTree = "<group>"; };
		FAC0E9171592A62000DDD4F7 /* ANFBAlbums.h */ = {isa = PBXFileReference; fileEncoding = 4; lastKnownFileType = sourcecode.c.h; path = ANFBAlbums.h; sourceTree = "<group>"; };
		FAC0E9181592A62000DDD4F7 /* ANFBAlbums.m */ = {isa = PBXFileReference; fileEncoding = 4; lastKnownFileType = sourcecode.c.objc; path = ANFBAlbums.m; sourceTree = "<group>"; };
		FAC0E9191592A62000DDD4F7 /* ANFBPhoto.h */ = {isa = PBXFileReference; fileEncoding = 4; lastKnownFileType = sourcecode.c.h; path = ANFBPhoto.h; sourceTree = "<group>"; };
		FAC0E91A1592A62000DDD4F7 /* ANFBPhoto.m */ = {isa = PBXFileReference; fileEncoding = 4; lastKnownFileType = sourcecode.c.objc; path = ANFBPhoto.m; sourceTree = "<group>"; };
		FAC0E91B1592A62000DDD4F7 /* ANFBPhotos.h */ = {isa = PBXFileReference; fileEncoding = 4; lastKnownFileType = sourcecode.c.h; path = ANFBPhotos.h; sourceTree = "<group>"; };
		FAC0E91C1592A62000DDD4F7 /* ANFBPhotos.m */ = {isa = PBXFileReference; fileEncoding = 4; lastKnownFileType = sourcecode.c.objc; path = ANFBPhotos.m; sourceTree = "<group>"; };
		FAC0E9211592A85900DDD4F7 /* ANFBFriendWindow.h */ = {isa = PBXFileReference; fileEncoding = 4; lastKnownFileType = sourcecode.c.h; path = ANFBFriendWindow.h; sourceTree = "<group>"; };
		FAC0E9221592A85900DDD4F7 /* ANFBFriendWindow.m */ = {isa = PBXFileReference; fileEncoding = 4; lastKnownFileType = sourcecode.c.objc; path = ANFBFriendWindow.m; sourceTree = "<group>"; };
		FAC0E9241592B1FC00DDD4F7 /* NSDictionary+HTTPParams.h */ = {isa = PBXFileReference; fileEncoding = 4; lastKnownFileType = sourcecode.c.h; path = "NSDictionary+HTTPParams.h"; sourceTree = "<group>"; };
		FAC0E9251592B1FC00DDD4F7 /* NSDictionary+HTTPParams.m */ = {isa = PBXFileReference; fileEncoding = 4; lastKnownFileType = sourcecode.c.objc; path = "NSDictionary+HTTPParams.m"; sourceTree = "<group>"; };
/* End PBXFileReference section */

/* Begin PBXFrameworksBuildPhase section */
		FA6FE34515911380005783B1 /* Frameworks */ = {
			isa = PBXFrameworksBuildPhase;
			buildActionMask = 2147483647;
			files = (
				FA6FE36D159113A9005783B1 /* WebKit.framework in Frameworks */,
				FA6FE34D15911380005783B1 /* Cocoa.framework in Frameworks */,
			);
			runOnlyForDeploymentPostprocessing = 0;
		};
/* End PBXFrameworksBuildPhase section */

/* Begin PBXGroup section */
		FA6FE33D15911380005783B1 = {
			isa = PBXGroup;
			children = (
				FA6FE35215911380005783B1 /* FacebookCache */,
				FA6FE34B15911380005783B1 /* Frameworks */,
				FA6FE34915911380005783B1 /* Products */,
			);
			sourceTree = "<group>";
		};
		FA6FE34915911380005783B1 /* Products */ = {
			isa = PBXGroup;
			children = (
				FA6FE34815911380005783B1 /* FacebookCache.app */,
			);
			name = Products;
			sourceTree = "<group>";
		};
		FA6FE34B15911380005783B1 /* Frameworks */ = {
			isa = PBXGroup;
			children = (
				FA6FE36C159113A9005783B1 /* WebKit.framework */,
				FA6FE34C15911380005783B1 /* Cocoa.framework */,
				FA6FE34E15911380005783B1 /* Other Frameworks */,
			);
			name = Frameworks;
			sourceTree = "<group>";
		};
		FA6FE34E15911380005783B1 /* Other Frameworks */ = {
			isa = PBXGroup;
			children = (
				FA6FE34F15911380005783B1 /* AppKit.framework */,
				FA6FE35015911380005783B1 /* CoreData.framework */,
				FA6FE35115911380005783B1 /* Foundation.framework */,
			);
			name = "Other Frameworks";
			sourceTree = "<group>";
		};
		FA6FE35215911380005783B1 /* FacebookCache */ = {
			isa = PBXGroup;
			children = (
				FAC0E8DF15925D9800DDD4F7 /* Graph API */,
				FAC0E8D815925D5700DDD4F7 /* Authentication */,
				FA6FE35E15911380005783B1 /* ANAppDelegate.h */,
				FA6FE35F15911380005783B1 /* ANAppDelegate.m */,
				FAC0E90815929B8700DDD4F7 /* ANFBFriendsWindow.h */,
				FAC0E90915929B8700DDD4F7 /* ANFBFriendsWindow.m */,
				FAC0E9211592A85900DDD4F7 /* ANFBFriendWindow.h */,
				FAC0E9221592A85900DDD4F7 /* ANFBFriendWindow.m */,
				FA6FE36115911381005783B1 /* MainMenu.xib */,
				FA6FE35315911380005783B1 /* Supporting Files */,
			);
			path = FacebookCache;
			sourceTree = "<group>";
		};
		FA6FE35315911380005783B1 /* Supporting Files */ = {
			isa = PBXGroup;
			children = (
				FA6FE35415911380005783B1 /* FacebookCache-Info.plist */,
				FA6FE35515911380005783B1 /* InfoPlist.strings */,
				FA6FE35815911380005783B1 /* main.m */,
				FA6FE35A15911380005783B1 /* FacebookCache-Prefix.pch */,
				FA6FE35B15911380005783B1 /* Credits.rtf */,
			);
			name = "Supporting Files";
			sourceTree = "<group>";
		};
		FAC0E8D815925D5700DDD4F7 /* Authentication */ = {
			isa = PBXGroup;
			children = (
				FAC0E8D915925D5700DDD4F7 /* ANFBAuthWindow.h */,
				FAC0E8DA15925D5700DDD4F7 /* ANFBAuthWindow.m */,
				FAC0E8DB15925D5700DDD4F7 /* ANFBOAuthInfo.h */,
				FAC0E8DC15925D5700DDD4F7 /* ANFBOAuthInfo.m */,
			);
			path = Authentication;
			sourceTree = "<group>";
		};
		FAC0E8DF15925D9800DDD4F7 /* Graph API */ = {
			isa = PBXGroup;
			children = (
				FAC0E9141592A61F00DDD4F7 /* Photos */,
				FAC0E8FD15929A1F00DDD4F7 /* Friends */,
				FAC0E8F9159296E500DDD4F7 /* Utilities */,
				FAC0E8E015925DA700DDD4F7 /* ANFBSession.h */,
				FAC0E8E115925DA700DDD4F7 /* ANFBSession.m */,
				FAC0E8E315925E5300DDD4F7 /* ANFBResponse.h */,
				FAC0E8E415925E5300DDD4F7 /* ANFBResponse.m */,
				FAC0E8E915928B2E00DDD4F7 /* ANFBSessionTicket.h */,
				FAC0E8EA15928B2F00DDD4F7 /* ANFBSessionTicket.m */,
				FAC0E8E615928A8200DDD4F7 /* ANFBChainedData.h */,
				FAC0E8E715928A8200DDD4F7 /* ANFBChainedData.m */,
				FAC0E9111592A02300DDD4F7 /* ANFBChainedObjects.h */,
				FAC0E9121592A02300DDD4F7 /* ANFBChainedObjects.m */,
				FAC0E8F61592932100DDD4F7 /* ANFBPerson.h */,
				FAC0E8F71592932100DDD4F7 /* ANFBPerson.m */,
			);
			path = "Graph API";
			sourceTree = "<group>";
		};
		FAC0E8F9159296E500DDD4F7 /* Utilities */ = {
			isa = PBXGroup;
			children = (
				FAC0E8FA159296FA00DDD4F7 /* NSDate+Facebook.h */,
				FAC0E8FB159296FA00DDD4F7 /* NSDate+Facebook.m */,
				FAC0E9241592B1FC00DDD4F7 /* NSDictionary+HTTPParams.h */,
				FAC0E9251592B1FC00DDD4F7 /* NSDictionary+HTTPParams.m */,
			);
			path = Utilities;
			sourceTree = "<group>";
		};
		FAC0E8FD15929A1F00DDD4F7 /* Friends */ = {
			isa = PBXGroup;
			children = (
				FAC0E8FE15929A2B00DDD4F7 /* ANFBFriends.h */,
				FAC0E8FF15929A2B00DDD4F7 /* ANFBFriends.m */,
			);
			path = Friends;
			sourceTree = "<group>";
		};
		FAC0E9141592A61F00DDD4F7 /* Photos */ = {
			isa = PBXGroup;
			children = (
				FAC0E9151592A62000DDD4F7 /* ANFBAlbum.h */,
				FAC0E9161592A62000DDD4F7 /* ANFBAlbum.m */,
				FAC0E9171592A62000DDD4F7 /* ANFBAlbums.h */,
				FAC0E9181592A62000DDD4F7 /* ANFBAlbums.m */,
				FAC0E9191592A62000DDD4F7 /* ANFBPhoto.h */,
				FAC0E91A1592A62000DDD4F7 /* ANFBPhoto.m */,
				FAC0E91B1592A62000DDD4F7 /* ANFBPhotos.h */,
				FAC0E91C1592A62000DDD4F7 /* ANFBPhotos.m */,
			);
			path = Photos;
			sourceTree = "<group>";
		};
/* End PBXGroup section */

/* Begin PBXNativeTarget section */
		FA6FE34715911380005783B1 /* FacebookCache */ = {
			isa = PBXNativeTarget;
			buildConfigurationList = FA6FE36615911381005783B1 /* Build configuration list for PBXNativeTarget "FacebookCache" */;
			buildPhases = (
				FA6FE34415911380005783B1 /* Sources */,
				FA6FE34515911380005783B1 /* Frameworks */,
				FA6FE34615911380005783B1 /* Resources */,
			);
			buildRules = (
			);
			dependencies = (
			);
			name = FacebookCache;
			productName = FacebookCache;
			productReference = FA6FE34815911380005783B1 /* FacebookCache.app */;
			productType = "com.apple.product-type.application";
		};
/* End PBXNativeTarget section */

/* Begin PBXProject section */
		FA6FE33F15911380005783B1 /* Project object */ = {
			isa = PBXProject;
			attributes = {
				CLASSPREFIX = AN;
				LastUpgradeCheck = 0430;
			};
			buildConfigurationList = FA6FE34215911380005783B1 /* Build configuration list for PBXProject "FacebookCache" */;
			compatibilityVersion = "Xcode 3.2";
			developmentRegion = English;
			hasScannedForEncodings = 0;
			knownRegions = (
				en,
			);
			mainGroup = FA6FE33D15911380005783B1;
			productRefGroup = FA6FE34915911380005783B1 /* Products */;
			projectDirPath = "";
			projectRoot = "";
			targets = (
				FA6FE34715911380005783B1 /* FacebookCache */,
			);
		};
/* End PBXProject section */

/* Begin PBXResourcesBuildPhase section */
		FA6FE34615911380005783B1 /* Resources */ = {
			isa = PBXResourcesBuildPhase;
			buildActionMask = 2147483647;
			files = (
				FA6FE35715911380005783B1 /* InfoPlist.strings in Resources */,
				FA6FE35D15911380005783B1 /* Credits.rtf in Resources */,
				FA6FE36315911381005783B1 /* MainMenu.xib in Resources */,
			);
			runOnlyForDeploymentPostprocessing = 0;
		};
/* End PBXResourcesBuildPhase section */

/* Begin PBXSourcesBuildPhase section */
		FA6FE34415911380005783B1 /* Sources */ = {
			isa = PBXSourcesBuildPhase;
			buildActionMask = 2147483647;
			files = (
				FA6FE35915911380005783B1 /* main.m in Sources */,
				FA6FE36015911380005783B1 /* ANAppDelegate.m in Sources */,
				FAC0E8DD15925D5700DDD4F7 /* ANFBAuthWindow.m in Sources */,
				FAC0E8DE15925D5700DDD4F7 /* ANFBOAuthInfo.m in Sources */,
				FAC0E8E215925DA700DDD4F7 /* ANFBSession.m in Sources */,
				FAC0E8E515925E5300DDD4F7 /* ANFBResponse.m in Sources */,
				FAC0E8E815928A8200DDD4F7 /* ANFBChainedData.m in Sources */,
				FAC0E8EB15928B2F00DDD4F7 /* ANFBSessionTicket.m in Sources */,
				FAC0E8F81592932200DDD4F7 /* ANFBPerson.m in Sources */,
				FAC0E8FC159296FA00DDD4F7 /* NSDate+Facebook.m in Sources */,
				FAC0E90015929A2B00DDD4F7 /* ANFBFriends.m in Sources */,
				FAC0E90A15929B8700DDD4F7 /* ANFBFriendsWindow.m in Sources */,
				FAC0E9131592A02300DDD4F7 /* ANFBChainedObjects.m in Sources */,
				FAC0E91D1592A62000DDD4F7 /* ANFBAlbum.m in Sources */,
				FAC0E91E1592A62000DDD4F7 /* ANFBAlbums.m in Sources */,
				FAC0E91F1592A62000DDD4F7 /* ANFBPhoto.m in Sources */,
				FAC0E9201592A62000DDD4F7 /* ANFBPhotos.m in Sources */,
				FAC0E9231592A85900DDD4F7 /* ANFBFriendWindow.m in Sources */,
				FAC0E9261592B1FC00DDD4F7 /* NSDictionary+HTTPParams.m in Sources */,
			);
			runOnlyForDeploymentPostprocessing = 0;
		};
/* End PBXSourcesBuildPhase section */

/* Begin PBXVariantGroup section */
		FA6FE35515911380005783B1 /* InfoPlist.strings */ = {
			isa = PBXVariantGroup;
			children = (
				FA6FE35615911380005783B1 /* en */,
			);
			name = InfoPlist.strings;
			sourceTree = "<group>";
		};
		FA6FE35B15911380005783B1 /* Credits.rtf */ = {
			isa = PBXVariantGroup;
			children = (
				FA6FE35C15911380005783B1 /* en */,
			);
			name = Credits.rtf;
			sourceTree = "<group>";
		};
		FA6FE36115911381005783B1 /* MainMenu.xib */ = {
			isa = PBXVariantGroup;
			children = (
				FA6FE36215911381005783B1 /* en */,
			);
			name = MainMenu.xib;
			sourceTree = "<group>";
		};
/* End PBXVariantGroup section */

/* Begin XCBuildConfiguration section */
		FA6FE36415911381005783B1 /* Debug */ = {
			isa = XCBuildConfiguration;
			buildSettings = {
				ALWAYS_SEARCH_USER_PATHS = NO;
				ARCHS = "$(ARCHS_STANDARD_64_BIT)";
				CLANG_ENABLE_OBJC_ARC = YES;
				COPY_PHASE_STRIP = NO;
				GCC_C_LANGUAGE_STANDARD = gnu99;
				GCC_DYNAMIC_NO_PIC = NO;
				GCC_ENABLE_OBJC_EXCEPTIONS = YES;
				GCC_OPTIMIZATION_LEVEL = 0;
				GCC_PREPROCESSOR_DEFINITIONS = (
					"DEBUG=1",
					"$(inherited)",
				);
				GCC_SYMBOLS_PRIVATE_EXTERN = NO;
				GCC_VERSION = com.apple.compilers.llvm.clang.1_0;
				GCC_WARN_64_TO_32_BIT_CONVERSION = YES;
				GCC_WARN_ABOUT_RETURN_TYPE = YES;
				GCC_WARN_UNINITIALIZED_AUTOS = YES;
				GCC_WARN_UNUSED_VARIABLE = YES;
				MACOSX_DEPLOYMENT_TARGET = 10.7;
				ONLY_ACTIVE_ARCH = YES;
				SDKROOT = macosx;
			};
			name = Debug;
		};
		FA6FE36515911381005783B1 /* Release */ = {
			isa = XCBuildConfiguration;
			buildSettings = {
				ALWAYS_SEARCH_USER_PATHS = NO;
				ARCHS = "$(ARCHS_STANDARD_64_BIT)";
				CLANG_ENABLE_OBJC_ARC = YES;
				COPY_PHASE_STRIP = YES;
				DEBUG_INFORMATION_FORMAT = "dwarf-with-dsym";
				GCC_C_LANGUAGE_STANDARD = gnu99;
				GCC_ENABLE_OBJC_EXCEPTIONS = YES;
				GCC_VERSION = com.apple.compilers.llvm.clang.1_0;
				GCC_WARN_64_TO_32_BIT_CONVERSION = YES;
				GCC_WARN_ABOUT_RETURN_TYPE = YES;
				GCC_WARN_UNINITIALIZED_AUTOS = YES;
				GCC_WARN_UNUSED_VARIABLE = YES;
				MACOSX_DEPLOYMENT_TARGET = 10.7;
				SDKROOT = macosx;
			};
			name = Release;
		};
		FA6FE36715911381005783B1 /* Debug */ = {
			isa = XCBuildConfiguration;
			buildSettings = {
				GCC_PRECOMPILE_PREFIX_HEADER = YES;
				GCC_PREFIX_HEADER = "FacebookCache/FacebookCache-Prefix.pch";
				INFOPLIST_FILE = "FacebookCache/FacebookCache-Info.plist";
				PRODUCT_NAME = "$(TARGET_NAME)";
				WRAPPER_EXTENSION = app;
			};
			name = Debug;
		};
		FA6FE36815911381005783B1 /* Release */ = {
			isa = XCBuildConfiguration;
			buildSettings = {
				GCC_PRECOMPILE_PREFIX_HEADER = YES;
				GCC_PREFIX_HEADER = "FacebookCache/FacebookCache-Prefix.pch";
				INFOPLIST_FILE = "FacebookCache/FacebookCache-Info.plist";
				PRODUCT_NAME = "$(TARGET_NAME)";
				WRAPPER_EXTENSION = app;
			};
			name = Release;
		};
/* End XCBuildConfiguration section */

/* Begin XCConfigurationList section */
		FA6FE34215911380005783B1 /* Build configuration list for PBXProject "FacebookCache" */ = {
			isa = XCConfigurationList;
			buildConfigurations = (
				FA6FE36415911381005783B1 /* Debug */,
				FA6FE36515911381005783B1 /* Release */,
			);
			defaultConfigurationIsVisible = 0;
			defaultConfigurationName = Release;
		};
		FA6FE36615911381005783B1 /* Build configuration list for PBXNativeTarget "FacebookCache" */ = {
			isa = XCConfigurationList;
			buildConfigurations = (
				FA6FE36715911381005783B1 /* Debug */,
				FA6FE36815911381005783B1 /* Release */,
			);
			defaultConfigurationIsVisible = 0;
			defaultConfigurationName = Release;
		};
/* End XCConfigurationList section */
	};
	rootObject = FA6FE33F15911380005783B1 /* Project object */;
}
